{
  "name": "pos-system",
  "lockfileVersion": 3,
  "requires": true,
  "packages": {
    "": {
      "dependencies": {
        "i18next-http-backend": "^4.0.0",
        "opencode-ai": "^1.15.0"
      }
    },
    "node_modules/i18next-http-backend": {
      "version": "4.0.0",
      "resolved": "https://registry.npmjs.org/i18next-http-backend/-/i18next-http-backend-4.0.0.tgz",
      "integrity": "sha512-EgSjO3Q1G6f2Q5oy7u9mmxuesE0oSfzAD97NFBjC8EmkK4guBSYLljM0Fng3DarMWIIkU70jfo4+mUzmyVISTA==",
      "license": "MIT",
      "engines": {
        "node": ">=18"
      }
    },
    "node_modules/opencode-ai": {
      "version": "1.15.0",
      "resolved": "https://registry.npmjs.org/opencode-ai/-/opencode-ai-1.15.0.tgz",
      "integrity": "sha512-JVHsZCVGa8ImCgnusWut1yYicu3zRshZWhJoQQzgDIbcHuUEvlUXSE9OxHCNfbW7Elr29LSbCXsrLN6ZPDx6Nw==",
      "hasInstallScript": true,
      "license": "MIT",
      "bin": {
        "opencode": "bin/opencode"
      },
      "optionalDependencies": {
        "opencode-darwin-arm64": "1.15.0",
        "opencode-darwin-x64": "1.15.0",
        "opencode-darwin-x64-baseline": "1.15.0",
        "opencode-linux-arm64": "1.15.0",
        "opencode-linux-arm64-musl": "1.15.0",
        "opencode-linux-x64": "1.15.0",
        "opencode-linux-x64-baseline": "1.15.0",
        "opencode-linux-x64-baseline-musl": "1.15.0",
        "opencode-linux-x64-musl": "1.15.0",
        "opencode-windows-arm64": "1.15.0",
        "opencode-windows-x64": "1.15.0",
        "opencode-windows-x64-baseline": "1.15.0"
      }
    },
    "node_modules/opencode-darwin-arm64": {
      "version": "1.15.0",
      "resolved": "https://registry.npmjs.org/opencode-darwin-arm64/-/opencode-darwin-arm64-1.15.0.tgz",
      "integrity": "sha512-hNyiHSzdeVtx8SoW/ZinhRh7/X+Xc9A6cRWSI7pN7CNfkFtwOitepMhW4kw4lZkXO2lSxqjLYPGnoK8SybEm7Q==",
      "cpu": [
        "arm64"
      ],
      "optional": true,
      "os": [
        "darwin"
      ]
    },
    "node_modules/opencode-darwin-x64": {
      "version": "1.15.0",
      "resolved": "https://registry.npmjs.org/opencode-darwin-x64/-/opencode-darwin-x64-1.15.0.tgz",
      "integrity": "sha512-fx/45knYqBiW807tOicZXLe/LJcuLb/SLQnfv3Fn1bOOfCzJi7GOp9nwrjwCp40rHEk9ovNicAiEB6YX52e4bw==",
      "cpu": [
        "x64"
      ],
      "optional": true,
      "os": [
        "darwin"
      ]
    },
    "node_modules/opencode-darwin-x64-baseline": {
      "version": "1.15.0",
      "resolved": "https://registry.npmjs.org/opencode-darwin-x64-baseline/-/opencode-darwin-x64-baseline-1.15.0.tgz",
      "integrity": "sha512-wGDWLPb+iKHQAUfNFmV5R48NC/sMW+9JovK+h13wVmbQqYKaUTjLgvt+2HOPVm045+dNwMwye9EnwEHVctL8TQ==",
      "cpu": [
        "x64"
      ],
      "optional": true,
      "os": [
        "darwin"
      ]
    },
    "node_modules/opencode-linux-arm64": {
      "version": "1.15.0",
      "resolved": "https://registry.npmjs.org/opencode-linux-arm64/-/opencode-linux-arm64-1.15.0.tgz",
      "integrity": "sha512-jGU7zA1MYMYQYXAft7DsrjbMhI2awQIlksDTY3FmIZ609MmGRnc/HdGMaBdIP1PyW/wKyGUjUVa9rX2Tcu8/8Q==",
      "cpu": [
        "arm64"
      ],
      "optional": true,
      "os": [
        "linux"
      ]
    },
    "node_modules/opencode-linux-arm64-musl": {
      "version": "1.15.0",
      "resolved": "https://registry.npmjs.org/opencode-linux-arm64-musl/-/opencode-linux-arm64-musl-1.15.0.tgz",
      "integrity": "sha512-sIJ0AFfaGtoteMTnbO57p8FhCiJV+YL+7rjhV3F7qG/KfZVNOkxVu5z+3SJweOOX4q7WQI317eGVtW7uqAHQWA==",
      "cpu": [
        "arm64"
      ],
      "optional": true,
      "os": [
        "linux"
      ]
    },
    "node_modules/opencode-linux-x64": {
      "version": "1.15.0",
      "resolved": "https://registry.npmjs.org/opencode-linux-x64/-/opencode-linux-x64-1.15.0.tgz",
      "integrity": "sha512-b/suH4cuboJoUxtuHu9tDntoZqmku7/Q4TE9yNp8HbQwyXSuKyJY9KUrNz9I8IWha83p5AWT1Nr7HX86hJfNNQ==",
      "cpu": [
        "x64"
      ],
      "optional": true,
      "os": [
        "linux"
      ]
    },
    "node_modules/opencode-linux-x64-baseline": {
      "version": "1.15.0",
      "resolved": "https://registry.npmjs.org/opencode-linux-x64-baseline/-/opencode-linux-x64-baseline-1.15.0.tgz",
      "integrity": "sha512-C36WQE8XayL2QeSp5KZbxadpFmvxKaVqaqXgFDOfq1/bziGnOPSgCfS2PSkJchu7nL5AQfjc5EeZapFwp0xucA==",
      "cpu": [
        "x64"
      ],
      "optional": true,
      "os": [
        "linux"
      ]
    },
    "node_modules/opencode-linux-x64-baseline-musl": {
      "version": "1.15.0",
      "resolved": "https://registry.npmjs.org/opencode-linux-x64-baseline-musl/-/opencode-linux-x64-baseline-musl-1.15.0.tgz",
      "integrity": "sha512-eOs/gbvmOaFdWSk35kZFEU2zB4r0Vj+7i21+XsHbqA4nc85BCmgGBXapSA8xGKrgnrE8hps80ceRBpWtgDHFRQ==",
      "cpu": [
        "x64"
      ],
      "optional": true,
      "os": [
        "linux"
      ]
    },
    "node_modules/opencode-linux-x64-musl": {
      "version": "1.15.0",
      "resolved": "https://registry.npmjs.org/opencode-linux-x64-musl/-/opencode-linux-x64-musl-1.15.0.tgz",
      "integrity": "sha512-2S6y9iJ4gGcQeb109E+MwVn5gpM1RhcAUWl8/xLF9y0d/H1jZBAZ2O83Jl6SrTczep+7ZcpysNqVef0U7yXqaw==",
      "cpu": [
        "x64"
      ],
      "optional": true,
      "os": [
        "linux"
      ]
    },
    "node_modules/opencode-windows-arm64": {
      "version": "1.15.0",
      "resolved": "https://registry.npmjs.org/opencode-windows-arm64/-/opencode-windows-arm64-1.15.0.tgz",
      "integrity": "sha512-A5Fi/SHaely752Dhx+9sjgHb/QD5WFdRXLXglESb7Zi/BOFa39g3NAkVreh9mQ4xtfnlUV8zbSfuT1qZeo5I3A==",
      "cpu": [
        "arm64"
      ],
      "optional": true,
      "os": [
        "win32"
      ]
    },
    "node_modules/opencode-windows-x64": {
      "version": "1.15.0",
      "resolved": "https://registry.npmjs.org/opencode-windows-x64/-/opencode-windows-x64-1.15.0.tgz",
      "integrity": "sha512-z3GDslgY3Lgz5LoA0exP3xekQ+d8bbepqyQNhccXFrE5ddsLJwAEPXEBRq6QZZH5/kLsI5OZ8Sh3DLtaQ8YZnA==",
      "cpu": [
        "x64"
      ],
      "optional": true,
      "os": [
        "win32"
      ]
    },
    "node_modules/opencode-windows-x64-baseline": {
      "version": "1.15.0",
      "resolved": "https://registry.npmjs.org/opencode-windows-x64-baseline/-/opencode-windows-x64-baseline-1.15.0.tgz",
      "integrity": "sha512-PkoYoxbmSgf4sscXZ42iI9fnbjRP/g0CodCziHqu4MMfRm968H4jfYS16QD6sGsl4dTS83P4iCiuXWT8JUk4NA==",
      "cpu": [
        "x64"
      ],
      "optional": true,
      "os": [
        "win32"
      ]
    }
  }
}
